
Microsoft Visual Studio Solution File, Format Version 12.00
# Visual Studio Version 17
VisualStudioVersion = 17.13.35818.85
MinimumVisualStudioVersion = 10.0.40219.1
Project("{8BC9CEB8-8B4A-11D0-8D11-00A0C91BC942}") = "Pascuware", "Pascuware.vcxproj", "{57552008-9BD1-4097-A16F-7D2E39059AD4}"
EndProject
Project("{8BC9CEB8-8B4A-11D0-8D11-00A0C91BC942}") = "usermode", "usermode\usermode.vcxproj", "{770D1EF7-38EC-44C8-810A-1276EDA7EBA2}"
EndProject
Project("{8BC9CEB8-8B4A-11D0-8D11-00A0C91BC942}") = "kernelmode", "kernelmode\kernelmode.vcxproj", "{ADB19F5E-50C4-1DDE-67F7-5E46D55D570D}"
EndProject
Global
	GlobalSection(SolutionConfigurationPlatforms) = preSolution
		Debug|x64 = Debug|x64
		Debug|x86 = Debug|x86
		Release|x64 = Release|x64
		Release|x86 = Release|x86
	EndGlobalSection
	GlobalSection(ProjectConfigurationPlatforms) = postSolution
		{57552008-9BD1-4097-A16F-7D2E39059AD4}.Debug|x64.ActiveCfg = Debug|x64
		{57552008-9BD1-4097-A16F-7D2E39059AD4}.Debug|x64.Build.0 = Debug|x64
		{57552008-9BD1-4097-A16F-7D2E39059AD4}.Debug|x86.ActiveCfg = Debug|Win32
		{57552008-9BD1-4097-A16F-7D2E39059AD4}.Debug|x86.Build.0 = Debug|Win32
		{57552008-9BD1-4097-A16F-7D2E39059AD4}.Release|x64.ActiveCfg = Release|x64
		{57552008-9BD1-4097-A16F-7D2E39059AD4}.Release|x64.Build.0 = Release|x64
		{57552008-9BD1-4097-A16F-7D2E39059AD4}.Release|x86.ActiveCfg = Release|Win32
		{57552008-9BD1-4097-A16F-7D2E39059AD4}.Release|x86.Build.0 = Release|Win32
		{770D1EF7-38EC-44C8-810A-1276EDA7EBA2}.Debug|x64.ActiveCfg = Debug|x64
		{770D1EF7-38EC-44C8-810A-1276EDA7EBA2}.Debug|x64.Build.0 = Debug|x64
		{770D1EF7-38EC-44C8-810A-1276EDA7EBA2}.Debug|x86.ActiveCfg = Debug|Win32
		{770D1EF7-38EC-44C8-810A-1276EDA7EBA2}.Debug|x86.Build.0 = Debug|Win32
		{770D1EF7-38EC-44C8-810A-1276EDA7EBA2}.Release|x64.ActiveCfg = Release|x64
		{770D1EF7-38EC-44C8-810A-1276EDA7EBA2}.Release|x64.Build.0 = Release|x64
		{770D1EF7-38EC-44C8-810A-1276EDA7EBA2}.Release|x86.ActiveCfg = Release|Win32
		{770D1EF7-38EC-44C8-810A-1276EDA7EBA2}.Release|x86.Build.0 = Release|Win32
		{ADB19F5E-50C4-1DDE-67F7-5E46D55D570D}.Debug|x64.ActiveCfg = Debug|x64
		{ADB19F5E-50C4-1DDE-67F7-5E46D55D570D}.Debug|x64.Build.0 = Debug|x64
		{ADB19F5E-50C4-1DDE-67F7-5E46D55D570D}.Debug|x64.Deploy.0 = Debug|x64
		{ADB19F5E-50C4-1DDE-67F7-5E46D55D570D}.Debug|x86.ActiveCfg = Debug|x64
		{ADB19F5E-50C4-1DDE-67F7-5E46D55D570D}.Debug|x86.Build.0 = Debug|x64
		{ADB19F5E-50C4-1DDE-67F7-5E46D55D570D}.Debug|x86.Deploy.0 = Debug|x64
		{ADB19F5E-50C4-1DDE-67F7-5E46D55D570D}.Release|x64.ActiveCfg = Release|x64
		{ADB19F5E-50C4-1DDE-67F7-5E46D55D570D}.Release|x64.Build.0 = Release|x64
		{ADB19F5E-50C4-1DDE-67F7-5E46D55D570D}.Release|x64.Deploy.0 = Release|x64
		{ADB19F5E-50C4-1DDE-67F7-5E46D55D570D}.Release|x86.ActiveCfg = Release|x64
		{ADB19F5E-50C4-1DDE-67F7-5E46D55D570D}.Release|x86.Build.0 = Release|x64
		{ADB19F5E-50C4-1DDE-67F7-5E46D55D570D}.Release|x86.Deploy.0 = Release|x64
	EndGlobalSection
	GlobalSection(SolutionProperties) = preSolution
		HideSolutionNode = FALSE
	EndGlobalSection
	GlobalSection(ExtensibilityGlobals) = postSolution
		SolutionGuid = {47A4850F-E0D5-4E7A-B0F8-60F335A9C312}
	EndGlobalSection
EndGlobal
